
Microsoft Visual Studio Solution File, Format Version 12.00
# Visual Studio 15
VisualStudioVersion = 15.0.28010.2050
MinimumVisualStudioVersion = 10.0.40219.1
Project("{888888A0-9F3D-457C-B088-3A5042F75D52}") = "DjangoTutorial", "DjangoTutorial\DjangoTutorial.pyproj", "{7C428DCC-1AF2-4264-A29E-D3F7D8392BB1}"
EndProject
Global
	GlobalSection(SolutionConfigurationPlatforms) = preSolution
		Debug|Any CPU = Debug|Any CPU
		Release|Any CPU = Release|Any CPU
	EndGlobalSection
	GlobalSection(ProjectConfigurationPlatforms) = postSolution
		{7C428DCC-1AF2-4264-A29E-D3F7D8392BB1}.Debug|Any CPU.ActiveCfg = Debug|Any CPU
		{7C428DCC-1AF2-4264-A29E-D3F7D8392BB1}.Debug|Any CPU.Build.0 = Debug|Any CPU
		{7C428DCC-1AF2-4264-A29E-D3F7D8392BB1}.Release|Any CPU.ActiveCfg = Release|Any CPU
		{7C428DCC-1AF2-4264-A29E-D3F7D8392BB1}.Release|Any CPU.Build.0 = Release|Any CPU
	EndGlobalSection
	GlobalSection(SolutionProperties) = preSolution
		HideSolutionNode = FALSE
	EndGlobalSection
	GlobalSection(ExtensibilityGlobals) = postSolution
		SolutionGuid = {54566D29-732D-4654-B940-386E5E92BBEB}
	EndGlobalSection
EndGlobal
